
Microsoft Visual Studio Solution File, Format Version 12.00
# Visual Studio 14
VisualStudioVersion = 14.0.25420.1
MinimumVisualStudioVersion = 10.0.40219.1
Project("{FAE04EC0-301F-11D3-BF4B-00C04F79EFBC}") = "TaskManager", "TaskManager\TaskManager.csproj", "{60B7D18A-03AA-4431-904F-23842458B837}"
EndProject
Project("{FAE04EC0-301F-11D3-BF4B-00C04F79EFBC}") = "TaskManager.Tests", "TaskManager.Tests\TaskManager.Tests.csproj", "{68B6BC72-AC5C-4500-AF26-D7B941BA078F}"
EndProject
Global
	GlobalSection(SolutionConfigurationPlatforms) = preSolution
		Debug|Any CPU = Debug|Any CPU
		Release|Any CPU = Release|Any CPU
	EndGlobalSection
	GlobalSection(ProjectConfigurationPlatforms) = postSolution
		{60B7D18A-03AA-4431-904F-23842458B837}.Debug|Any CPU.ActiveCfg = Debug|Any CPU
		{60B7D18A-03AA-4431-904F-23842458B837}.Debug|Any CPU.Build.0 = Debug|Any CPU
		{60B7D18A-03AA-4431-904F-23842458B837}.Release|Any CPU.ActiveCfg = Release|Any CPU
		{60B7D18A-03AA-4431-904F-23842458B837}.Release|Any CPU.Build.0 = Release|Any CPU
		{68B6BC72-AC5C-4500-AF26-D7B941BA078F}.Debug|Any CPU.ActiveCfg = Debug|Any CPU
		{68B6BC72-AC5C-4500-AF26-D7B941BA078F}.Debug|Any CPU.Build.0 = Debug|Any CPU
		{68B6BC72-AC5C-4500-AF26-D7B941BA078F}.Release|Any CPU.ActiveCfg = Release|Any CPU
		{68B6BC72-AC5C-4500-AF26-D7B941BA078F}.Release|Any CPU.Build.0 = Release|Any CPU
	EndGlobalSection
	GlobalSection(SolutionProperties) = preSolution
		HideSolutionNode = FALSE
	EndGlobalSection
EndGlobal
